// !$*UTF8*$!
{
	archiveVersion = 1;
	classes = {
	};
	objectVersion = 56;
	objects = {

/* Begin PBXBuildFile section */
		6339811B2A4496DE00555803 /* SujetView.swift in Sources */ = {isa = PBXBuildFile; fileRef = 6339811A2A4496DE00555803 /* SujetView.swift */; };
		634AE1802A4DD4CB00A7662B /* ProfilP2View.swift in Sources */ = {isa = PBXBuildFile; fileRef = 634AE17F2A4DD4CB00A7662B /* ProfilP2View.swift */; };
		6353D2E72A45DD3F004FE3EF /* GuideVM.swift in Sources */ = {isa = PBXBuildFile; fileRef = 6353D2E62A45DD3F004FE3EF /* GuideVM.swift */; };
		63725FAC2A4C590100DE1F53 /* AlerteDetailedView.swift in Sources */ = {isa = PBXBuildFile; fileRef = 63725FAB2A4C590100DE1F53 /* AlerteDetailedView.swift */; };
		63F1FFD22A4ADAE3006E2D90 /* AlertesVM.swift in Sources */ = {isa = PBXBuildFile; fileRef = 63F1FFD12A4ADAE3006E2D90 /* AlertesVM.swift */; };
		63F1FFD42A4ADB02006E2D90 /* AlertesGlobalView.swift in Sources */ = {isa = PBXBuildFile; fileRef = 63F1FFD32A4ADB02006E2D90 /* AlertesGlobalView.swift */; };
		8333C6BF2A45DC400053E6CE /* ChatVM.swift in Sources */ = {isa = PBXBuildFile; fileRef = 8333C6BE2A45DC400053E6CE /* ChatVM.swift */; };
		833BA5A52A458245000B41D9 /* StructureChat.swift in Sources */ = {isa = PBXBuildFile; fileRef = 833BA5A42A458245000B41D9 /* StructureChat.swift */; };
		8357AF002A4DC87100DD2E1E /* PageLogoView.swift in Sources */ = {isa = PBXBuildFile; fileRef = 8357AEFF2A4DC87100DD2E1E /* PageLogoView.swift */; };
		83BFF8382A43322600DF498E /* CyberHelpApp.swift in Sources */ = {isa = PBXBuildFile; fileRef = 83BFF8372A43322600DF498E /* CyberHelpApp.swift */; };
		83BFF83A2A43322600DF498E /* ContentView.swift in Sources */ = {isa = PBXBuildFile; fileRef = 83BFF8392A43322600DF498E /* ContentView.swift */; };
		83BFF83C2A43322700DF498E /* Assets.xcassets in Resources */ = {isa = PBXBuildFile; fileRef = 83BFF83B2A43322700DF498E /* Assets.xcassets */; };
		83BFF8462A43325D00DF498E /* TabviewP.swift in Sources */ = {isa = PBXBuildFile; fileRef = 83BFF8452A43325D00DF498E /* TabviewP.swift */; };
		83BFF8502A4333B000DF498E /* ChatView.swift in Sources */ = {isa = PBXBuildFile; fileRef = 83BFF84F2A4333B000DF498E /* ChatView.swift */; };
		83BFF8522A43340700DF498E /* ChatDetailsView.swift in Sources */ = {isa = PBXBuildFile; fileRef = 83BFF8512A43340700DF498E /* ChatDetailsView.swift */; };
		83BFF8632A43375C00DF498E /* TabviewU.swift in Sources */ = {isa = PBXBuildFile; fileRef = 83BFF8622A43375C00DF498E /* TabviewU.swift */; };
		83BFF86B2A43383A00DF498E /* ArticlesDetailsView.swift in Sources */ = {isa = PBXBuildFile; fileRef = 83BFF86A2A43383A00DF498E /* ArticlesDetailsView.swift */; };
		83BFF8702A4338F200DF498E /* StructureProfil.swift in Sources */ = {isa = PBXBuildFile; fileRef = 83BFF86F2A4338F200DF498E /* StructureProfil.swift */; };
		83BFF8732A43437000DF498E /* ConnexionView.swift in Sources */ = {isa = PBXBuildFile; fileRef = 83BFF8722A43437000DF498E /* ConnexionView.swift */; };
		8F0427842A475E5000307426 /* ListesDesProfiles.swift in Sources */ = {isa = PBXBuildFile; fileRef = 8F0427832A475E4F00307426 /* ListesDesProfiles.swift */; };
		8F0427942A476F9500307426 /* Genre+Option.swift in Sources */ = {isa = PBXBuildFile; fileRef = 8F0427932A476F9500307426 /* Genre+Option.swift */; };
		8F04279A2A4A320900307426 /* dataProfilU.xcdatamodeld in Sources */ = {isa = PBXBuildFile; fileRef = 8F0427982A4A320900307426 /* dataProfilU.xcdatamodeld */; };
		8F4CFFD42A4C6A6B00EC4B13 /* ImagePicker.swift in Sources */ = {isa = PBXBuildFile; fileRef = 8F4CFFD32A4C6A6B00EC4B13 /* ImagePicker.swift */; };
		8F69B70F2A52C4BA00E24D50 /* CreationDeCompte.swift in Sources */ = {isa = PBXBuildFile; fileRef = 8F69B70E2A52C4BA00E24D50 /* CreationDeCompte.swift */; };
		A7686A292A5403260013D8CF /* CloseButtonTemoignageView.swift in Sources */ = {isa = PBXBuildFile; fileRef = A7686A282A5403260013D8CF /* CloseButtonTemoignageView.swift */; };
		A79A0C412A4DC842004EDADE /* AddTemoignageView.swift in Sources */ = {isa = PBXBuildFile; fileRef = A79A0C402A4DC842004EDADE /* AddTemoignageView.swift */; };
		A79A0C432A4DD138004EDADE /* AddButtonTemoignageView.swift in Sources */ = {isa = PBXBuildFile; fileRef = A79A0C422A4DD138004EDADE /* AddButtonTemoignageView.swift */; };
		A7D80BA72A45DE8C00339687 /* TopicOption.swift in Sources */ = {isa = PBXBuildFile; fileRef = A7D80BA62A45DE8C00339687 /* TopicOption.swift */; };
		B82049E52A4D94390031425F /* ProfilPView.swift in Sources */ = {isa = PBXBuildFile; fileRef = B82049E42A4D94390031425F /* ProfilPView.swift */; };
		B82049E72A4D945D0031425F /* AlertesView.swift in Sources */ = {isa = PBXBuildFile; fileRef = B82049E62A4D945D0031425F /* AlertesView.swift */; };
		B82049E92A4D94660031425F /* ProfilUView.swift in Sources */ = {isa = PBXBuildFile; fileRef = B82049E82A4D94660031425F /* ProfilUView.swift */; };
		B82049EB2A4D948F0031425F /* GuideView.swift in Sources */ = {isa = PBXBuildFile; fileRef = B82049EA2A4D948F0031425F /* GuideView.swift */; };
		B82049ED2A4D94E00031425F /* InscriptionDetailsView.swift in Sources */ = {isa = PBXBuildFile; fileRef = B82049EC2A4D94E00031425F /* InscriptionDetailsView.swift */; };
		B82049F92A4D98A50031425F /* Actu.swift in Sources */ = {isa = PBXBuildFile; fileRef = B82049F82A4D98A50031425F /* Actu.swift */; };
		B8E89D1E2A4D906E005ADD8D /* ListArticlesEvents.swift in Sources */ = {isa = PBXBuildFile; fileRef = B8E89D1B2A4D906E005ADD8D /* ListArticlesEvents.swift */; };
		B8E89D1F2A4D906E005ADD8D /* ListArticlesTemoignages.swift in Sources */ = {isa = PBXBuildFile; fileRef = B8E89D1C2A4D906E005ADD8D /* ListArticlesTemoignages.swift */; };
		B8E89D202A4D906E005ADD8D /* ListActu.swift in Sources */ = {isa = PBXBuildFile; fileRef = B8E89D1D2A4D906E005ADD8D /* ListActu.swift */; };
		B8E89D222A4D9096005ADD8D /* Article.swift in Sources */ = {isa = PBXBuildFile; fileRef = B8E89D212A4D9096005ADD8D /* Article.swift */; };
		B8E89D242A4D909B005ADD8D /* ModaleTemoignages.swift in Sources */ = {isa = PBXBuildFile; fileRef = B8E89D232A4D909B005ADD8D /* ModaleTemoignages.swift */; };
		DBBCEB992A4DBEE700AE03B2 /* SignalementView.swift in Sources */ = {isa = PBXBuildFile; fileRef = DBBCEB982A4DBEE600AE03B2 /* SignalementView.swift */; };
		DBBCEB9B2A4DBF4B00AE03B2 /* Signalement_Plan.swift in Sources */ = {isa = PBXBuildFile; fileRef = DBBCEB9A2A4DBF4B00AE03B2 /* Signalement_Plan.swift */; };
		DBBCEBA52A4DCD4300AE03B2 /* ProfileMap.swift in Sources */ = {isa = PBXBuildFile; fileRef = DBBCEBA42A4DCD4300AE03B2 /* ProfileMap.swift */; };
		DBBCEBA92A4EBEF200AE03B2 /* SignalementProProfile.swift in Sources */ = {isa = PBXBuildFile; fileRef = DBBCEBA82A4EBEF200AE03B2 /* SignalementProProfile.swift */; };
		DBBCEBAB2A4F00F000AE03B2 /* MapApp.swift in Sources */ = {isa = PBXBuildFile; fileRef = DBBCEBAA2A4F00F000AE03B2 /* MapApp.swift */; };
		DBBCEBAD2A4F016A00AE03B2 /* MapView.swift in Sources */ = {isa = PBXBuildFile; fileRef = DBBCEBAC2A4F016A00AE03B2 /* MapView.swift */; };
/* End PBXBuildFile section */

/* Begin PBXFileReference section */
		6339811A2A4496DE00555803 /* SujetView.swift */ = {isa = PBXFileReference; lastKnownFileType = sourcecode.swift; path = SujetView.swift; sourceTree = "<group>"; };
		634AE17F2A4DD4CB00A7662B /* ProfilP2View.swift */ = {isa = PBXFileReference; lastKnownFileType = sourcecode.swift; path = ProfilP2View.swift; sourceTree = "<group>"; };
		6353D2E62A45DD3F004FE3EF /* GuideVM.swift */ = {isa = PBXFileReference; lastKnownFileType = sourcecode.swift; path = GuideVM.swift; sourceTree = "<group>"; };
		63725FAB2A4C590100DE1F53 /* AlerteDetailedView.swift */ = {isa = PBXFileReference; lastKnownFileType = sourcecode.swift; path = AlerteDetailedView.swift; sourceTree = "<group>"; };
		63F1FFD12A4ADAE3006E2D90 /* AlertesVM.swift */ = {isa = PBXFileReference; lastKnownFileType = sourcecode.swift; path = AlertesVM.swift; sourceTree = "<group>"; };
		63F1FFD32A4ADB02006E2D90 /* AlertesGlobalView.swift */ = {isa = PBXFileReference; lastKnownFileType = sourcecode.swift; path = AlertesGlobalView.swift; sourceTree = "<group>"; };
		8333C6BE2A45DC400053E6CE /* ChatVM.swift */ = {isa = PBXFileReference; lastKnownFileType = sourcecode.swift; path = ChatVM.swift; sourceTree = "<group>"; };
		833BA5A42A458245000B41D9 /* StructureChat.swift */ = {isa = PBXFileReference; lastKnownFileType = sourcecode.swift; path = StructureChat.swift; sourceTree = "<group>"; };
		8357AEFF2A4DC87100DD2E1E /* PageLogoView.swift */ = {isa = PBXFileReference; lastKnownFileType = sourcecode.swift; path = PageLogoView.swift; sourceTree = "<group>"; };
		83BFF8342A43322600DF498E /* CyberHelp.app */ = {isa = PBXFileReference; explicitFileType = wrapper.application; includeInIndex = 0; path = CyberHelp.app; sourceTree = BUILT_PRODUCTS_DIR; };
		83BFF8372A43322600DF498E /* CyberHelpApp.swift */ = {isa = PBXFileReference; lastKnownFileType = sourcecode.swift; path = CyberHelpApp.swift; sourceTree = "<group>"; };
		83BFF8392A43322600DF498E /* ContentView.swift */ = {isa = PBXFileReference; lastKnownFileType = sourcecode.swift; path = ContentView.swift; sourceTree = "<group>"; };
		83BFF83B2A43322700DF498E /* Assets.xcassets */ = {isa = PBXFileReference; lastKnownFileType = folder.assetcatalog; path = Assets.xcassets; sourceTree = "<group>"; };
		83BFF8452A43325D00DF498E /* TabviewP.swift */ = {isa = PBXFileReference; lastKnownFileType = sourcecode.swift; path = TabviewP.swift; sourceTree = "<group>"; };
		83BFF84F2A4333B000DF498E /* ChatView.swift */ = {isa = PBXFileReference; lastKnownFileType = sourcecode.swift; path = ChatView.swift; sourceTree = "<group>"; };
		83BFF8512A43340700DF498E /* ChatDetailsView.swift */ = {isa = PBXFileReference; lastKnownFileType = sourcecode.swift; path = ChatDetailsView.swift; sourceTree = "<group>"; };
		83BFF8622A43375C00DF498E /* TabviewU.swift */ = {isa = PBXFileReference; lastKnownFileType = sourcecode.swift; path = TabviewU.swift; sourceTree = "<group>"; };
		83BFF86A2A43383A00DF498E /* ArticlesDetailsView.swift */ = {isa = PBXFileReference; lastKnownFileType = sourcecode.swift; path = ArticlesDetailsView.swift; sourceTree = "<group>"; };
		83BFF86F2A4338F200DF498E /* StructureProfil.swift */ = {isa = PBXFileReference; lastKnownFileType = sourcecode.swift; path = StructureProfil.swift; sourceTree = "<group>"; };
		83BFF8712A433BEB00DF498E /* Info.plist */ = {isa = PBXFileReference; lastKnownFileType = text.plist.xml; path = Info.plist; sourceTree = "<group>"; };
		83BFF8722A43437000DF498E /* ConnexionView.swift */ = {isa = PBXFileReference; lastKnownFileType = sourcecode.swift; path = ConnexionView.swift; sourceTree = "<group>"; };
		8F0427832A475E4F00307426 /* ListesDesProfiles.swift */ = {isa = PBXFileReference; lastKnownFileType = sourcecode.swift; path = ListesDesProfiles.swift; sourceTree = "<group>"; };
		8F0427932A476F9500307426 /* Genre+Option.swift */ = {isa = PBXFileReference; lastKnownFileType = sourcecode.swift; path = "Genre+Option.swift"; sourceTree = "<group>"; };
		8F0427992A4A320900307426 /* dataProfilU.xcdatamodel */ = {isa = PBXFileReference; lastKnownFileType = wrapper.xcdatamodel; path = dataProfilU.xcdatamodel; sourceTree = "<group>"; };
		8F4CFFD32A4C6A6B00EC4B13 /* ImagePicker.swift */ = {isa = PBXFileReference; lastKnownFileType = sourcecode.swift; path = ImagePicker.swift; sourceTree = "<group>"; };
		8F69B70E2A52C4BA00E24D50 /* CreationDeCompte.swift */ = {isa = PBXFileReference; lastKnownFileType = sourcecode.swift; path = CreationDeCompte.swift; sourceTree = "<group>"; };
		A7686A282A5403260013D8CF /* CloseButtonTemoignageView.swift */ = {isa = PBXFileReference; lastKnownFileType = sourcecode.swift; path = CloseButtonTemoignageView.swift; sourceTree = "<group>"; };
		A79A0C402A4DC842004EDADE /* AddTemoignageView.swift */ = {isa = PBXFileReference; lastKnownFileType = sourcecode.swift; path = AddTemoignageView.swift; sourceTree = "<group>"; };
		A79A0C422A4DD138004EDADE /* AddButtonTemoignageView.swift */ = {isa = PBXFileReference; lastKnownFileType = sourcecode.swift; path = AddButtonTemoignageView.swift; sourceTree = "<group>"; };
		A7D80BA62A45DE8C00339687 /* TopicOption.swift */ = {isa = PBXFileReference; lastKnownFileType = sourcecode.swift; path = TopicOption.swift; sourceTree = "<group>"; };
		B82049E42A4D94390031425F /* ProfilPView.swift */ = {isa = PBXFileReference; fileEncoding = 4; lastKnownFileType = sourcecode.swift; name = ProfilPView.swift; path = View/Profil/ProfilPView.swift; sourceTree = SOURCE_ROOT; };
		B82049E62A4D945D0031425F /* AlertesView.swift */ = {isa = PBXFileReference; fileEncoding = 4; lastKnownFileType = sourcecode.swift; path = AlertesView.swift; sourceTree = "<group>"; };
		B82049E82A4D94660031425F /* ProfilUView.swift */ = {isa = PBXFileReference; fileEncoding = 4; lastKnownFileType = sourcecode.swift; name = ProfilUView.swift; path = View/Profil/ProfilUView.swift; sourceTree = SOURCE_ROOT; };
		B82049EA2A4D948F0031425F /* GuideView.swift */ = {isa = PBXFileReference; fileEncoding = 4; lastKnownFileType = sourcecode.swift; path = GuideView.swift; sourceTree = "<group>"; };
		B82049EC2A4D94E00031425F /* InscriptionDetailsView.swift */ = {isa = PBXFileReference; fileEncoding = 4; lastKnownFileType = sourcecode.swift; path = InscriptionDetailsView.swift; sourceTree = "<group>"; };
		B82049F82A4D98A50031425F /* Actu.swift */ = {isa = PBXFileReference; lastKnownFileType = sourcecode.swift; path = Actu.swift; sourceTree = "<group>"; };
		B8E89D1B2A4D906E005ADD8D /* ListArticlesEvents.swift */ = {isa = PBXFileReference; fileEncoding = 4; lastKnownFileType = sourcecode.swift; name = ListArticlesEvents.swift; path = ViewModel/ListArticlesEvents.swift; sourceTree = SOURCE_ROOT; };
		B8E89D1C2A4D906E005ADD8D /* ListArticlesTemoignages.swift */ = {isa = PBXFileReference; fileEncoding = 4; lastKnownFileType = sourcecode.swift; name = ListArticlesTemoignages.swift; path = ViewModel/ListArticlesTemoignages.swift; sourceTree = SOURCE_ROOT; };
		B8E89D1D2A4D906E005ADD8D /* ListActu.swift */ = {isa = PBXFileReference; fileEncoding = 4; lastKnownFileType = sourcecode.swift; name = ListActu.swift; path = ViewModel/ListActu.swift; sourceTree = SOURCE_ROOT; };
		B8E89D212A4D9096005ADD8D /* Article.swift */ = {isa = PBXFileReference; fileEncoding = 4; lastKnownFileType = sourcecode.swift; name = Article.swift; path = Model/Article.swift; sourceTree = SOURCE_ROOT; };
		B8E89D232A4D909B005ADD8D /* ModaleTemoignages.swift */ = {isa = PBXFileReference; fileEncoding = 4; lastKnownFileType = sourcecode.swift; name = ModaleTemoignages.swift; path = View/Alerte/ModaleTemoignages.swift; sourceTree = SOURCE_ROOT; };
		DBBCEB982A4DBEE600AE03B2 /* SignalementView.swift */ = {isa = PBXFileReference; fileEncoding = 4; lastKnownFileType = sourcecode.swift; path = SignalementView.swift; sourceTree = "<group>"; };
		DBBCEB9A2A4DBF4B00AE03B2 /* Signalement_Plan.swift */ = {isa = PBXFileReference; fileEncoding = 4; lastKnownFileType = sourcecode.swift; name = Signalement_Plan.swift; path = View/Signalement_Plan.swift; sourceTree = SOURCE_ROOT; };
		DBBCEBA42A4DCD4300AE03B2 /* ProfileMap.swift */ = {isa = PBXFileReference; lastKnownFileType = sourcecode.swift; path = ProfileMap.swift; sourceTree = "<group>"; };
		DBBCEBA82A4EBEF200AE03B2 /* SignalementProProfile.swift */ = {isa = PBXFileReference; lastKnownFileType = sourcecode.swift; path = SignalementProProfile.swift; sourceTree = "<group>"; };
		DBBCEBAA2A4F00F000AE03B2 /* MapApp.swift */ = {isa = PBXFileReference; lastKnownFileType = sourcecode.swift; path = MapApp.swift; sourceTree = "<group>"; };
		DBBCEBAC2A4F016A00AE03B2 /* MapView.swift */ = {isa = PBXFileReference; lastKnownFileType = sourcecode.swift; path = MapView.swift; sourceTree = "<group>"; };
/* End PBXFileReference section */

/* Begin PBXFrameworksBuildPhase section */
		83BFF8312A43322600DF498E /* Frameworks */ = {
			isa = PBXFrameworksBuildPhase;
			buildActionMask = 2147483647;
			files = (
			);
			runOnlyForDeploymentPostprocessing = 0;
		};
/* End PBXFrameworksBuildPhase section */

/* Begin PBXGroup section */
		83BFF82B2A43322600DF498E = {
			isa = PBXGroup;
			children = (
				8357AEFF2A4DC87100DD2E1E /* PageLogoView.swift */,
				B82049F12A4D964A0031425F /* App */,
				B82049F02A4D95DC0031425F /* Model */,
				B82049EF2A4D95D80031425F /* ViewModel */,
				B82049EE2A4D95CF0031425F /* View */,
				83BFF8352A43322600DF498E /* Products */,
			);
			sourceTree = "<group>";
		};
		83BFF8352A43322600DF498E /* Products */ = {
			isa = PBXGroup;
			children = (
				83BFF8342A43322600DF498E /* CyberHelp.app */,
			);
			name = Products;
			sourceTree = "<group>";
		};
		B82049EE2A4D95CF0031425F /* View */ = {
			isa = PBXGroup;
			children = (
				B82049F32A4D96AA0031425F /* TabView */,
				A79A0C422A4DD138004EDADE /* AddButtonTemoignageView.swift */,
				A79A0C402A4DC842004EDADE /* AddTemoignageView.swift */,
				B82049F52A4D972E0031425F /* Chat */,
				B82049F42A4D96B60031425F /* Alerte */,
				B82049F22A4D96A20031425F /* Profil */,
				B82049F62A4D974C0031425F /* Tools */,
				83BFF86A2A43383A00DF498E /* ArticlesDetailsView.swift */,
			);
			path = View;
			sourceTree = "<group>";
		};
		B82049EF2A4D95D80031425F /* ViewModel */ = {
			isa = PBXGroup;
			children = (
				63F1FFD12A4ADAE3006E2D90 /* AlertesVM.swift */,
				6353D2E62A45DD3F004FE3EF /* GuideVM.swift */,
				B8E89D1D2A4D906E005ADD8D /* ListActu.swift */,
				8333C6BE2A45DC400053E6CE /* ChatVM.swift */,
				B8E89D1B2A4D906E005ADD8D /* ListArticlesEvents.swift */,
				B8E89D1C2A4D906E005ADD8D /* ListArticlesTemoignages.swift */,
				8F0427832A475E4F00307426 /* ListesDesProfiles.swift */,
			);
			path = ViewModel;
			sourceTree = "<group>";
		};
		B82049F02A4D95DC0031425F /* Model */ = {
			isa = PBXGroup;
			children = (
				83BFF86F2A4338F200DF498E /* StructureProfil.swift */,
				833BA5A42A458245000B41D9 /* StructureChat.swift */,
				B8E89D212A4D9096005ADD8D /* Article.swift */,
				8F0427932A476F9500307426 /* Genre+Option.swift */,
				A7D80BA62A45DE8C00339687 /* TopicOption.swift */,
				8F0427982A4A320900307426 /* dataProfilU.xcdatamodeld */,
				B82049F82A4D98A50031425F /* Actu.swift */,
			);
			path = Model;
			sourceTree = "<group>";
		};
		B82049F12A4D964A0031425F /* App */ = {
			isa = PBXGroup;
			children = (
				83BFF8372A43322600DF498E /* CyberHelpApp.swift */,
				83BFF8712A433BEB00DF498E /* Info.plist */,
				83BFF83B2A43322700DF498E /* Assets.xcassets */,
			);
			path = App;
			sourceTree = "<group>";
		};
		B82049F22A4D96A20031425F /* Profil */ = {
			isa = PBXGroup;
			children = (
				B82049E82A4D94660031425F /* ProfilUView.swift */,
				B82049E42A4D94390031425F /* ProfilPView.swift */,
				634AE17F2A4DD4CB00A7662B /* ProfilP2View.swift */,
				83BFF8722A43437000DF498E /* ConnexionView.swift */,
				8F69B70E2A52C4BA00E24D50 /* CreationDeCompte.swift */,
				B82049EC2A4D94E00031425F /* InscriptionDetailsView.swift */,
			);
			path = Profil;
			sourceTree = "<group>";
		};
		B82049F32A4D96AA0031425F /* TabView */ = {
			isa = PBXGroup;
			children = (
				83BFF8392A43322600DF498E /* ContentView.swift */,
				83BFF8452A43325D00DF498E /* TabviewP.swift */,
				83BFF8622A43375C00DF498E /* TabviewU.swift */,
				A7686A282A5403260013D8CF /* CloseButtonTemoignageView.swift */,
			);
			path = TabView;
			sourceTree = "<group>";
		};
		B82049F42A4D96B60031425F /* Alerte */ = {
			isa = PBXGroup;
			children = (
				DBBCEB9A2A4DBF4B00AE03B2 /* Signalement_Plan.swift */,
				DBBCEB982A4DBEE600AE03B2 /* SignalementView.swift */,
				DBBCEBA82A4EBEF200AE03B2 /* SignalementProProfile.swift */,
				DBBCEBAA2A4F00F000AE03B2 /* MapApp.swift */,
				DBBCEBAC2A4F016A00AE03B2 /* MapView.swift */,
				DBBCEBA42A4DCD4300AE03B2 /* ProfileMap.swift */,
				B82049E62A4D945D0031425F /* AlertesView.swift */,
				63F1FFD32A4ADB02006E2D90 /* AlertesGlobalView.swift */,
				63725FAB2A4C590100DE1F53 /* AlerteDetailedView.swift */,
				B8E89D232A4D909B005ADD8D /* ModaleTemoignages.swift */,
				B82049EA2A4D948F0031425F /* GuideView.swift */,
				6339811A2A4496DE00555803 /* SujetView.swift */,
			);
			path = Alerte;
			sourceTree = "<group>";
		};
		B82049F52A4D972E0031425F /* Chat */ = {
			isa = PBXGroup;
			children = (
				83BFF84F2A4333B000DF498E /* ChatView.swift */,
				83BFF8512A43340700DF498E /* ChatDetailsView.swift */,
			);
			path = Chat;
			sourceTree = "<group>";
		};
		B82049F62A4D974C0031425F /* Tools */ = {
			isa = PBXGroup;
			children = (
				8F4CFFD32A4C6A6B00EC4B13 /* ImagePicker.swift */,
			);
			path = Tools;
			sourceTree = "<group>";
		};
/* End PBXGroup section */

/* Begin PBXNativeTarget section */
		83BFF8332A43322600DF498E /* CyberHelp */ = {
			isa = PBXNativeTarget;
			buildConfigurationList = 83BFF8422A43322700DF498E /* Build configuration list for PBXNativeTarget "CyberHelp" */;
			buildPhases = (
				83BFF8302A43322600DF498E /* Sources */,
				83BFF8312A43322600DF498E /* Frameworks */,
				83BFF8322A43322600DF498E /* Resources */,
			);
			buildRules = (
			);
			dependencies = (
			);
			name = CyberHelp;
			packageProductDependencies = (
			);
			productName = CyberHelp;
			productReference = 83BFF8342A43322600DF498E /* CyberHelp.app */;
			productType = "com.apple.product-type.application";
		};
/* End PBXNativeTarget section */

/* Begin PBXProject section */
		83BFF82C2A43322600DF498E /* Project object */ = {
			isa = PBXProject;
			attributes = {
				BuildIndependentTargetsInParallel = 1;
				LastSwiftUpdateCheck = 1430;
				LastUpgradeCheck = 1430;
				TargetAttributes = {
					83BFF8332A43322600DF498E = {
						CreatedOnToolsVersion = 14.3.1;
					};
				};
			};
			buildConfigurationList = 83BFF82F2A43322600DF498E /* Build configuration list for PBXProject "CyberHelp" */;
			compatibilityVersion = "Xcode 14.0";
			developmentRegion = en;
			hasScannedForEncodings = 0;
			knownRegions = (
				en,
				Base,
			);
			mainGroup = 83BFF82B2A43322600DF498E;
			packageReferences = (
			);
			productRefGroup = 83BFF8352A43322600DF498E /* Products */;
			projectDirPath = "";
			projectRoot = "";
			targets = (
				83BFF8332A43322600DF498E /* CyberHelp */,
			);
		};
/* End PBXProject section */

/* Begin PBXResourcesBuildPhase section */
		83BFF8322A43322600DF498E /* Resources */ = {
			isa = PBXResourcesBuildPhase;
			buildActionMask = 2147483647;
			files = (
				83BFF83C2A43322700DF498E /* Assets.xcassets in Resources */,
			);
			runOnlyForDeploymentPostprocessing = 0;
		};
/* End PBXResourcesBuildPhase section */

/* Begin PBXSourcesBuildPhase section */
		83BFF8302A43322600DF498E /* Sources */ = {
			isa = PBXSourcesBuildPhase;
			buildActionMask = 2147483647;
			files = (
				A7D80BA72A45DE8C00339687 /* TopicOption.swift in Sources */,
				8F69B70F2A52C4BA00E24D50 /* CreationDeCompte.swift in Sources */,
				8F04279A2A4A320900307426 /* dataProfilU.xcdatamodeld in Sources */,
				8F4CFFD42A4C6A6B00EC4B13 /* ImagePicker.swift in Sources */,
				63725FAC2A4C590100DE1F53 /* AlerteDetailedView.swift in Sources */,
				63725FAC2A4C590100DE1F53 /* AlerteDetailedView.swift in Sources */,
				6339811B2A4496DE00555803 /* SujetView.swift in Sources */,
				8357AF002A4DC87100DD2E1E /* PageLogoView.swift in Sources */,
				83BFF8732A43437000DF498E /* ConnexionView.swift in Sources */,
				83BFF8522A43340700DF498E /* ChatDetailsView.swift in Sources */,
				8F0427942A476F9500307426 /* Genre+Option.swift in Sources */,
				A79A0C412A4DC842004EDADE /* AddTemoignageView.swift in Sources */,
				8F0427842A475E5000307426 /* ListesDesProfiles.swift in Sources */,
				A7686A292A5403260013D8CF /* CloseButtonTemoignageView.swift in Sources */,
				83BFF8632A43375C00DF498E /* TabviewU.swift in Sources */,
				B82049E52A4D94390031425F /* ProfilPView.swift in Sources */,
				833BA5A52A458245000B41D9 /* StructureChat.swift in Sources */,
				634AE1802A4DD4CB00A7662B /* ProfilP2View.swift in Sources */,
				8333C6BF2A45DC400053E6CE /* ChatVM.swift in Sources */,
				83BFF83A2A43322600DF498E /* ContentView.swift in Sources */,
				DBBCEB992A4DBEE700AE03B2 /* SignalementView.swift in Sources */,
				DBBCEB9B2A4DBF4B00AE03B2 /* Signalement_Plan.swift in Sources */,
				B82049EB2A4D948F0031425F /* GuideView.swift in Sources */,
				B8E89D202A4D906E005ADD8D /* ListActu.swift in Sources */,
				DBBCEBAB2A4F00F000AE03B2 /* MapApp.swift in Sources */,
				B8E89D1F2A4D906E005ADD8D /* ListArticlesTemoignages.swift in Sources */,
				A79A0C432A4DD138004EDADE /* AddButtonTemoignageView.swift in Sources */,
				63F1FFD42A4ADB02006E2D90 /* AlertesGlobalView.swift in Sources */,
				DBBCEBAD2A4F016A00AE03B2 /* MapView.swift in Sources */,
				B82049E92A4D94660031425F /* ProfilUView.swift in Sources */,
				DBBCEBA52A4DCD4300AE03B2 /* ProfileMap.swift in Sources */,
				B82049F92A4D98A50031425F /* Actu.swift in Sources */,
				63F1FFD22A4ADAE3006E2D90 /* AlertesVM.swift in Sources */,
				83BFF8502A4333B000DF498E /* ChatView.swift in Sources */,
				B8E89D222A4D9096005ADD8D /* Article.swift in Sources */,
				83BFF86B2A43383A00DF498E /* ArticlesDetailsView.swift in Sources */,
				6353D2E72A45DD3F004FE3EF /* GuideVM.swift in Sources */,
				B82049E72A4D945D0031425F /* AlertesView.swift in Sources */,
				83BFF8462A43325D00DF498E /* TabviewP.swift in Sources */,
				83BFF8702A4338F200DF498E /* StructureProfil.swift in Sources */,
				B82049ED2A4D94E00031425F /* InscriptionDetailsView.swift in Sources */,
				DBBCEBA92A4EBEF200AE03B2 /* SignalementProProfile.swift in Sources */,
				B8E89D1E2A4D906E005ADD8D /* ListArticlesEvents.swift in Sources */,
				B8E89D242A4D909B005ADD8D /* ModaleTemoignages.swift in Sources */,
				83BFF8382A43322600DF498E /* CyberHelpApp.swift in Sources */,
			);
			runOnlyForDeploymentPostprocessing = 0;
		};
/* End PBXSourcesBuildPhase section */

/* Begin XCBuildConfiguration section */
		83BFF8402A43322700DF498E /* Debug */ = {
			isa = XCBuildConfiguration;
			buildSettings = {
				ALWAYS_SEARCH_USER_PATHS = NO;
				CLANG_ANALYZER_NONNULL = YES;
				CLANG_ANALYZER_NUMBER_OBJECT_CONVERSION = YES_AGGRESSIVE;
				CLANG_CXX_LANGUAGE_STANDARD = "gnu++20";
				CLANG_ENABLE_MODULES = YES;
				CLANG_ENABLE_OBJC_ARC = YES;
				CLANG_ENABLE_OBJC_WEAK = YES;
				CLANG_WARN_BLOCK_CAPTURE_AUTORELEASING = YES;
				CLANG_WARN_BOOL_CONVERSION = YES;
				CLANG_WARN_COMMA = YES;
				CLANG_WARN_CONSTANT_CONVERSION = YES;
				CLANG_WARN_DEPRECATED_OBJC_IMPLEMENTATIONS = YES;
				CLANG_WARN_DIRECT_OBJC_ISA_USAGE = YES_ERROR;
				CLANG_WARN_DOCUMENTATION_COMMENTS = YES;
				CLANG_WARN_EMPTY_BODY = YES;
				CLANG_WARN_ENUM_CONVERSION = YES;
				CLANG_WARN_INFINITE_RECURSION = YES;
				CLANG_WARN_INT_CONVERSION = YES;
				CLANG_WARN_NON_LITERAL_NULL_CONVERSION = YES;
				CLANG_WARN_OBJC_IMPLICIT_RETAIN_SELF = YES;
				CLANG_WARN_OBJC_LITERAL_CONVERSION = YES;
				CLANG_WARN_OBJC_ROOT_CLASS = YES_ERROR;
				CLANG_WARN_QUOTED_INCLUDE_IN_FRAMEWORK_HEADER = YES;
				CLANG_WARN_RANGE_LOOP_ANALYSIS = YES;
				CLANG_WARN_STRICT_PROTOTYPES = YES;
				CLANG_WARN_SUSPICIOUS_MOVE = YES;
				CLANG_WARN_UNGUARDED_AVAILABILITY = YES_AGGRESSIVE;
				CLANG_WARN_UNREACHABLE_CODE = YES;
				CLANG_WARN__DUPLICATE_METHOD_MATCH = YES;
				COPY_PHASE_STRIP = NO;
				DEBUG_INFORMATION_FORMAT = dwarf;
				ENABLE_STRICT_OBJC_MSGSEND = YES;
				ENABLE_TESTABILITY = YES;
				GCC_C_LANGUAGE_STANDARD = gnu11;
				GCC_DYNAMIC_NO_PIC = NO;
				GCC_NO_COMMON_BLOCKS = YES;
				GCC_OPTIMIZATION_LEVEL = 0;
				GCC_PREPROCESSOR_DEFINITIONS = (
					"DEBUG=1",
					"$(inherited)",
				);
				GCC_WARN_64_TO_32_BIT_CONVERSION = YES;
				GCC_WARN_ABOUT_RETURN_TYPE = YES_ERROR;
				GCC_WARN_UNDECLARED_SELECTOR = YES;
				GCC_WARN_UNINITIALIZED_AUTOS = YES_AGGRESSIVE;
				GCC_WARN_UNUSED_FUNCTION = YES;
				GCC_WARN_UNUSED_VARIABLE = YES;
				IPHONEOS_DEPLOYMENT_TARGET = 16.4;
				MTL_ENABLE_DEBUG_INFO = INCLUDE_SOURCE;
				MTL_FAST_MATH = YES;
				ONLY_ACTIVE_ARCH = YES;
				SDKROOT = iphoneos;
				SWIFT_ACTIVE_COMPILATION_CONDITIONS = DEBUG;
				SWIFT_OPTIMIZATION_LEVEL = "-Onone";
			};
			name = Debug;
		};
		83BFF8412A43322700DF498E /* Release */ = {
			isa = XCBuildConfiguration;
			buildSettings = {
				ALWAYS_SEARCH_USER_PATHS = NO;
				CLANG_ANALYZER_NONNULL = YES;
				CLANG_ANALYZER_NUMBER_OBJECT_CONVERSION = YES_AGGRESSIVE;
				CLANG_CXX_LANGUAGE_STANDARD = "gnu++20";
				CLANG_ENABLE_MODULES = YES;
				CLANG_ENABLE_OBJC_ARC = YES;
				CLANG_ENABLE_OBJC_WEAK = YES;
				CLANG_WARN_BLOCK_CAPTURE_AUTORELEASING = YES;
				CLANG_WARN_BOOL_CONVERSION = YES;
				CLANG_WARN_COMMA = YES;
				CLANG_WARN_CONSTANT_CONVERSION = YES;
				CLANG_WARN_DEPRECATED_OBJC_IMPLEMENTATIONS = YES;
				CLANG_WARN_DIRECT_OBJC_ISA_USAGE = YES_ERROR;
				CLANG_WARN_DOCUMENTATION_COMMENTS = YES;
				CLANG_WARN_EMPTY_BODY = YES;
				CLANG_WARN_ENUM_CONVERSION = YES;
				CLANG_WARN_INFINITE_RECURSION = YES;
				CLANG_WARN_INT_CONVERSION = YES;
				CLANG_WARN_NON_LITERAL_NULL_CONVERSION = YES;
				CLANG_WARN_OBJC_IMPLICIT_RETAIN_SELF = YES;
				CLANG_WARN_OBJC_LITERAL_CONVERSION = YES;
				CLANG_WARN_OBJC_ROOT_CLASS = YES_ERROR;
				CLANG_WARN_QUOTED_INCLUDE_IN_FRAMEWORK_HEADER = YES;
				CLANG_WARN_RANGE_LOOP_ANALYSIS = YES;
				CLANG_WARN_STRICT_PROTOTYPES = YES;
				CLANG_WARN_SUSPICIOUS_MOVE = YES;
				CLANG_WARN_UNGUARDED_AVAILABILITY = YES_AGGRESSIVE;
				CLANG_WARN_UNREACHABLE_CODE = YES;
				CLANG_WARN__DUPLICATE_METHOD_MATCH = YES;
				COPY_PHASE_STRIP = NO;
				DEBUG_INFORMATION_FORMAT = "dwarf-with-dsym";
				ENABLE_NS_ASSERTIONS = NO;
				ENABLE_STRICT_OBJC_MSGSEND = YES;
				GCC_C_LANGUAGE_STANDARD = gnu11;
				GCC_NO_COMMON_BLOCKS = YES;
				GCC_WARN_64_TO_32_BIT_CONVERSION = YES;
				GCC_WARN_ABOUT_RETURN_TYPE = YES_ERROR;
				GCC_WARN_UNDECLARED_SELECTOR = YES;
				GCC_WARN_UNINITIALIZED_AUTOS = YES_AGGRESSIVE;
				GCC_WARN_UNUSED_FUNCTION = YES;
				GCC_WARN_UNUSED_VARIABLE = YES;
				IPHONEOS_DEPLOYMENT_TARGET = 16.4;
				MTL_ENABLE_DEBUG_INFO = NO;
				MTL_FAST_MATH = YES;
				SDKROOT = iphoneos;
				SWIFT_COMPILATION_MODE = wholemodule;
				SWIFT_OPTIMIZATION_LEVEL = "-O";
				VALIDATE_PRODUCT = YES;
			};
			name = Release;
		};
		83BFF8432A43322700DF498E /* Debug */ = {
			isa = XCBuildConfiguration;
			buildSettings = {
				ASSETCATALOG_COMPILER_APPICON_NAME = AppIcon;
				ASSETCATALOG_COMPILER_GLOBAL_ACCENT_COLOR_NAME = AccentColor;
				CODE_SIGN_STYLE = Automatic;
				CURRENT_PROJECT_VERSION = 1;
				ENABLE_PREVIEWS = YES;
				GENERATE_INFOPLIST_FILE = YES;
				INFOPLIST_FILE = App/Info.plist;
				INFOPLIST_KEY_UIApplicationSceneManifest_Generation = YES;
				INFOPLIST_KEY_UIApplicationSupportsIndirectInputEvents = YES;
				INFOPLIST_KEY_UILaunchScreen_Generation = YES;
				INFOPLIST_KEY_UISupportedInterfaceOrientations_iPad = "UIInterfaceOrientationPortrait UIInterfaceOrientationPortraitUpsideDown UIInterfaceOrientationLandscapeLeft UIInterfaceOrientationLandscapeRight";
				INFOPLIST_KEY_UISupportedInterfaceOrientations_iPhone = "UIInterfaceOrientationPortrait UIInterfaceOrientationLandscapeLeft UIInterfaceOrientationLandscapeRight";
				LD_RUNPATH_SEARCH_PATHS = (
					"$(inherited)",
					"@executable_path/Frameworks",
				);
				MARKETING_VERSION = 1.0;
				PRODUCT_BUNDLE_IDENTIFIER = WhiteHats.CyberHelp;
				PRODUCT_NAME = "$(TARGET_NAME)";
				SWIFT_EMIT_LOC_STRINGS = YES;
				SWIFT_VERSION = 5.0;
				TARGETED_DEVICE_FAMILY = "1,2";
			};
			name = Debug;
		};
		83BFF8442A43322700DF498E /* Release */ = {
			isa = XCBuildConfiguration;
			buildSettings = {
				ASSETCATALOG_COMPILER_APPICON_NAME = AppIcon;
				ASSETCATALOG_COMPILER_GLOBAL_ACCENT_COLOR_NAME = AccentColor;
				CODE_SIGN_STYLE = Automatic;
				CURRENT_PROJECT_VERSION = 1;
				ENABLE_PREVIEWS = YES;
				GENERATE_INFOPLIST_FILE = YES;
				INFOPLIST_FILE = App/Info.plist;
				INFOPLIST_KEY_UIApplicationSceneManifest_Generation = YES;
				INFOPLIST_KEY_UIApplicationSupportsIndirectInputEvents = YES;
				INFOPLIST_KEY_UILaunchScreen_Generation = YES;
				INFOPLIST_KEY_UISupportedInterfaceOrientations_iPad = "UIInterfaceOrientationPortrait UIInterfaceOrientationPortraitUpsideDown UIInterfaceOrientationLandscapeLeft UIInterfaceOrientationLandscapeRight";
				INFOPLIST_KEY_UISupportedInterfaceOrientations_iPhone = "UIInterfaceOrientationPortrait UIInterfaceOrientationLandscapeLeft UIInterfaceOrientationLandscapeRight";
				LD_RUNPATH_SEARCH_PATHS = (
					"$(inherited)",
					"@executable_path/Frameworks",
				);
				MARKETING_VERSION = 1.0;
				PRODUCT_BUNDLE_IDENTIFIER = WhiteHats.CyberHelp;
				PRODUCT_NAME = "$(TARGET_NAME)";
				SWIFT_EMIT_LOC_STRINGS = YES;
				SWIFT_VERSION = 5.0;
				TARGETED_DEVICE_FAMILY = "1,2";
			};
			name = Release;
		};
/* End XCBuildConfiguration section */

/* Begin XCConfigurationList section */
		83BFF82F2A43322600DF498E /* Build configuration list for PBXProject "CyberHelp" */ = {
			isa = XCConfigurationList;
			buildConfigurations = (
				83BFF8402A43322700DF498E /* Debug */,
				83BFF8412A43322700DF498E /* Release */,
			);
			defaultConfigurationIsVisible = 0;
			defaultConfigurationName = Release;
		};
		83BFF8422A43322700DF498E /* Build configuration list for PBXNativeTarget "CyberHelp" */ = {
			isa = XCConfigurationList;
			buildConfigurations = (
				83BFF8432A43322700DF498E /* Debug */,
				83BFF8442A43322700DF498E /* Release */,
			);
			defaultConfigurationIsVisible = 0;
			defaultConfigurationName = Release;
		};
/* End XCConfigurationList section */

/* Begin XCVersionGroup section */
		8F0427982A4A320900307426 /* dataProfilU.xcdatamodeld */ = {
			isa = XCVersionGroup;
			children = (
				8F0427992A4A320900307426 /* dataProfilU.xcdatamodel */,
			);
			currentVersion = 8F0427992A4A320900307426 /* dataProfilU.xcdatamodel */;
			path = dataProfilU.xcdatamodeld;
			sourceTree = "<group>";
			versionGroupType = wrapper.xcdatamodel;
		};
/* End XCVersionGroup section */
	};
	rootObject = 83BFF82C2A43322600DF498E /* Project object */;
}
